
Microsoft Visual Studio Solution File, Format Version 12.00
# Visual Studio Version 17
VisualStudioVersion = 17.4.33213.308
MinimumVisualStudioVersion = 10.0.40219.1
Project("{FAE04EC0-301F-11D3-BF4B-00C04F79EFBC}") = "WindowsFormsApp3", "WindowsFormsApp3\WindowsFormsApp3.csproj", "{B27C729C-24DC-41BC-9BB3-911B1F5757CF}"
EndProject
Global
	GlobalSection(SolutionConfigurationPlatforms) = preSolution
		Debug|Any CPU = Debug|Any CPU
		Release|Any CPU = Release|Any CPU
	EndGlobalSection
	GlobalSection(ProjectConfigurationPlatforms) = postSolution
		{B27C729C-24DC-41BC-9BB3-911B1F5757CF}.Debug|Any CPU.ActiveCfg = Debug|Any CPU
		{B27C729C-24DC-41BC-9BB3-911B1F5757CF}.Debug|Any CPU.Build.0 = Debug|Any CPU
		{B27C729C-24DC-41BC-9BB3-911B1F5757CF}.Release|Any CPU.ActiveCfg = Release|Any CPU
		{B27C729C-24DC-41BC-9BB3-911B1F5757CF}.Release|Any CPU.Build.0 = Release|Any CPU
	EndGlobalSection
	GlobalSection(SolutionProperties) = preSolution
		HideSolutionNode = FALSE
	EndGlobalSection
	GlobalSection(ExtensibilityGlobals) = postSolution
		SolutionGuid = {98725F96-9235-4CD3-81C2-910C37E61E6C}
	EndGlobalSection
EndGlobal
